
Microsoft Visual Studio Solution File, Format Version 12.00
# Visual Studio Version 16
VisualStudioVersion = 16.0.30717.126
MinimumVisualStudioVersion = 10.0.40219.1
Project("{FAE04EC0-301F-11D3-BF4B-00C04F79EFBC}") = "SwappingNumbers", "SwappingNumbers\SwappingNumbers.csproj", "{C294D9BA-7E92-4186-BD07-B77C91D23B50}"
EndProject
Project("{FAE04EC0-301F-11D3-BF4B-00C04F79EFBC}") = "FizzBuzz", "FizzBuzz\FizzBuzz.csproj", "{3672F4BB-E0FD-42FD-80D8-876CB6B6D018}"
EndProject
Project("{FAE04EC0-301F-11D3-BF4B-00C04F79EFBC}") = "SwappingNumbersWithInput", "SwappingNumbersWithInput\SwappingNumbersWithInput.csproj", "{CFB2A924-004E-43EE-818F-52D452DE1574}"
EndProject
Project("{FAE04EC0-301F-11D3-BF4B-00C04F79EFBC}") = "MultiplicationOfUserInputs", "MultiplicationOfUserInputs\MultiplicationOfUserInputs.csproj", "{8242A9D5-A8CF-4948-98F0-F0D6CEB78782}"
EndProject
Project("{FAE04EC0-301F-11D3-BF4B-00C04F79EFBC}") = "MultiplicationTable", "MultiplicationTable\MultiplicationTable.csproj", "{FB66AD17-AC3A-49E5-8F69-A647F561BFF8}"
EndProject
Project("{FAE04EC0-301F-11D3-BF4B-00C04F79EFBC}") = "DesignPatterns", "DesignPatterns\DesignPatterns.csproj", "{0525BCDA-F8E6-4E38-8F53-5AB21A471C3D}"
EndProject
Project("{FAE04EC0-301F-11D3-BF4B-00C04F79EFBC}") = "PyramidPattern", "PyramidPatter\PyramidPattern.csproj", "{3A6525F4-77FB-44F0-BD6D-1A51BC075EFE}"
EndProject
Project("{FAE04EC0-301F-11D3-BF4B-00C04F79EFBC}") = "FibonacciSeries", "FibonacciSeries\FibonacciSeries.csproj", "{4D19F4CF-DF57-4AAA-B67B-828D80049F6E}"
EndProject
Project("{FAE04EC0-301F-11D3-BF4B-00C04F79EFBC}") = "PrimeNumbers", "PrimeNumbers\PrimeNumbers.csproj", "{7935162F-B52C-4301-88F0-097C1D8A0CC3}"
EndProject
Project("{FAE04EC0-301F-11D3-BF4B-00C04F79EFBC}") = "EvenAndOddNumbers", "EvenAndOddNumbers\EvenAndOddNumbers.csproj", "{1A1D7F9E-6FEA-4C7D-839D-4554F52EAE66}"
EndProject
Global
	GlobalSection(SolutionConfigurationPlatforms) = preSolution
		Debug|Any CPU = Debug|Any CPU
		Release|Any CPU = Release|Any CPU
	EndGlobalSection
	GlobalSection(ProjectConfigurationPlatforms) = postSolution
		{C294D9BA-7E92-4186-BD07-B77C91D23B50}.Debug|Any CPU.ActiveCfg = Debug|Any CPU
		{C294D9BA-7E92-4186-BD07-B77C91D23B50}.Debug|Any CPU.Build.0 = Debug|Any CPU
		{C294D9BA-7E92-4186-BD07-B77C91D23B50}.Release|Any CPU.ActiveCfg = Release|Any CPU
		{C294D9BA-7E92-4186-BD07-B77C91D23B50}.Release|Any CPU.Build.0 = Release|Any CPU
		{3672F4BB-E0FD-42FD-80D8-876CB6B6D018}.Debug|Any CPU.ActiveCfg = Debug|Any CPU
		{3672F4BB-E0FD-42FD-80D8-876CB6B6D018}.Debug|Any CPU.Build.0 = Debug|Any CPU
		{3672F4BB-E0FD-42FD-80D8-876CB6B6D018}.Release|Any CPU.ActiveCfg = Release|Any CPU
		{3672F4BB-E0FD-42FD-80D8-876CB6B6D018}.Release|Any CPU.Build.0 = Release|Any CPU
		{CFB2A924-004E-43EE-818F-52D452DE1574}.Debug|Any CPU.ActiveCfg = Debug|Any CPU
		{CFB2A924-004E-43EE-818F-52D452DE1574}.Debug|Any CPU.Build.0 = Debug|Any CPU
		{CFB2A924-004E-43EE-818F-52D452DE1574}.Release|Any CPU.ActiveCfg = Release|Any CPU
		{CFB2A924-004E-43EE-818F-52D452DE1574}.Release|Any CPU.Build.0 = Release|Any CPU
		{8242A9D5-A8CF-4948-98F0-F0D6CEB78782}.Debug|Any CPU.ActiveCfg = Debug|Any CPU
		{8242A9D5-A8CF-4948-98F0-F0D6CEB78782}.Debug|Any CPU.Build.0 = Debug|Any CPU
		{8242A9D5-A8CF-4948-98F0-F0D6CEB78782}.Release|Any CPU.ActiveCfg = Release|Any CPU
		{8242A9D5-A8CF-4948-98F0-F0D6CEB78782}.Release|Any CPU.Build.0 = Release|Any CPU
		{FB66AD17-AC3A-49E5-8F69-A647F561BFF8}.Debug|Any CPU.ActiveCfg = Debug|Any CPU
		{FB66AD17-AC3A-49E5-8F69-A647F561BFF8}.Debug|Any CPU.Build.0 = Debug|Any CPU
		{FB66AD17-AC3A-49E5-8F69-A647F561BFF8}.Release|Any CPU.ActiveCfg = Release|Any CPU
		{FB66AD17-AC3A-49E5-8F69-A647F561BFF8}.Release|Any CPU.Build.0 = Release|Any CPU
		{0525BCDA-F8E6-4E38-8F53-5AB21A471C3D}.Debug|Any CPU.ActiveCfg = Debug|Any CPU
		{0525BCDA-F8E6-4E38-8F53-5AB21A471C3D}.Debug|Any CPU.Build.0 = Debug|Any CPU
		{0525BCDA-F8E6-4E38-8F53-5AB21A471C3D}.Release|Any CPU.ActiveCfg = Release|Any CPU
		{0525BCDA-F8E6-4E38-8F53-5AB21A471C3D}.Release|Any CPU.Build.0 = Release|Any CPU
		{3A6525F4-77FB-44F0-BD6D-1A51BC075EFE}.Debug|Any CPU.ActiveCfg = Debug|Any CPU
		{3A6525F4-77FB-44F0-BD6D-1A51BC075EFE}.Debug|Any CPU.Build.0 = Debug|Any CPU
		{3A6525F4-77FB-44F0-BD6D-1A51BC075EFE}.Release|Any CPU.ActiveCfg = Release|Any CPU
		{3A6525F4-77FB-44F0-BD6D-1A51BC075EFE}.Release|Any CPU.Build.0 = Release|Any CPU
		{4D19F4CF-DF57-4AAA-B67B-828D80049F6E}.Debug|Any CPU.ActiveCfg = Debug|Any CPU
		{4D19F4CF-DF57-4AAA-B67B-828D80049F6E}.Debug|Any CPU.Build.0 = Debug|Any CPU
		{4D19F4CF-DF57-4AAA-B67B-828D80049F6E}.Release|Any CPU.ActiveCfg = Release|Any CPU
		{4D19F4CF-DF57-4AAA-B67B-828D80049F6E}.Release|Any CPU.Build.0 = Release|Any CPU
		{7935162F-B52C-4301-88F0-097C1D8A0CC3}.Debug|Any CPU.ActiveCfg = Debug|Any CPU
		{7935162F-B52C-4301-88F0-097C1D8A0CC3}.Debug|Any CPU.Build.0 = Debug|Any CPU
		{7935162F-B52C-4301-88F0-097C1D8A0CC3}.Release|Any CPU.ActiveCfg = Release|Any CPU
		{7935162F-B52C-4301-88F0-097C1D8A0CC3}.Release|Any CPU.Build.0 = Release|Any CPU
		{1A1D7F9E-6FEA-4C7D-839D-4554F52EAE66}.Debug|Any CPU.ActiveCfg = Debug|Any CPU
		{1A1D7F9E-6FEA-4C7D-839D-4554F52EAE66}.Debug|Any CPU.Build.0 = Debug|Any CPU
		{1A1D7F9E-6FEA-4C7D-839D-4554F52EAE66}.Release|Any CPU.ActiveCfg = Release|Any CPU
		{1A1D7F9E-6FEA-4C7D-839D-4554F52EAE66}.Release|Any CPU.Build.0 = Release|Any CPU
	EndGlobalSection
	GlobalSection(SolutionProperties) = preSolution
		HideSolutionNode = FALSE
	EndGlobalSection
	GlobalSection(ExtensibilityGlobals) = postSolution
		SolutionGuid = {4FEE9F89-D5A4-4620-9C9E-A715720EBD63}
	EndGlobalSection
EndGlobal
